
Microsoft Visual Studio Solution File, Format Version 12.00
# Visual Studio Version 16
VisualStudioVersion = 16.0.30907.101
MinimumVisualStudioVersion = 10.0.40219.1
Project("{FAE04EC0-301F-11D3-BF4B-00C04F79EFBC}") = "filegrab", "filegrab\filegrab.csproj", "{1BF0DDF1-F7C7-4B0E-ABAB-8B30D96EA6EB}"
EndProject
Global
	GlobalSection(SolutionConfigurationPlatforms) = preSolution
		Debug|x64 = Debug|x64
		Debug|x86 = Debug|x86
		Release|x64 = Release|x64
		Release|x86 = Release|x86
	EndGlobalSection
	GlobalSection(ProjectConfigurationPlatforms) = postSolution
		{1BF0DDF1-F7C7-4B0E-ABAB-8B30D96EA6EB}.Debug|x64.ActiveCfg = Debug|x64
		{1BF0DDF1-F7C7-4B0E-ABAB-8B30D96EA6EB}.Debug|x64.Build.0 = Debug|x64
		{1BF0DDF1-F7C7-4B0E-ABAB-8B30D96EA6EB}.Debug|x86.ActiveCfg = Debug|x86
		{1BF0DDF1-F7C7-4B0E-ABAB-8B30D96EA6EB}.Debug|x86.Build.0 = Debug|x86
		{1BF0DDF1-F7C7-4B0E-ABAB-8B30D96EA6EB}.Release|x64.ActiveCfg = Release|x64
		{1BF0DDF1-F7C7-4B0E-ABAB-8B30D96EA6EB}.Release|x64.Build.0 = Release|x64
		{1BF0DDF1-F7C7-4B0E-ABAB-8B30D96EA6EB}.Release|x86.ActiveCfg = Release|x86
		{1BF0DDF1-F7C7-4B0E-ABAB-8B30D96EA6EB}.Release|x86.Build.0 = Release|x86
	EndGlobalSection
	GlobalSection(SolutionProperties) = preSolution
		HideSolutionNode = FALSE
	EndGlobalSection
	GlobalSection(ExtensibilityGlobals) = postSolution
		SolutionGuid = {261C073B-A20E-4B99-9504-89A46AB1B12A}
	EndGlobalSection
EndGlobal
